
Microsoft Visual Studio Solution File, Format Version 12.00
# Visual Studio Version 17
VisualStudioVersion = 17.1.32319.34
MinimumVisualStudioVersion = 10.0.40219.1
Project("{FAE04EC0-301F-11D3-BF4B-00C04F79EFBC}") = "WebApi", "WebApi\WebApi.csproj", "{B71061FC-4B3A-4463-AF03-78A64898848F}"
EndProject
Global
	GlobalSection(SolutionConfigurationPlatforms) = preSolution
		Debug|Any CPU = Debug|Any CPU
		Release|Any CPU = Release|Any CPU
	EndGlobalSection
	GlobalSection(ProjectConfigurationPlatforms) = postSolution
		{B71061FC-4B3A-4463-AF03-78A64898848F}.Debug|Any CPU.ActiveCfg = Debug|Any CPU
		{B71061FC-4B3A-4463-AF03-78A64898848F}.Debug|Any CPU.Build.0 = Debug|Any CPU
		{B71061FC-4B3A-4463-AF03-78A64898848F}.Release|Any CPU.ActiveCfg = Release|Any CPU
		{B71061FC-4B3A-4463-AF03-78A64898848F}.Release|Any CPU.Build.0 = Release|Any CPU
	EndGlobalSection
	GlobalSection(SolutionProperties) = preSolution
		HideSolutionNode = FALSE
	EndGlobalSection
	GlobalSection(ExtensibilityGlobals) = postSolution
		SolutionGuid = {8FA40BE9-6C50-4608-B5D6-D1B2401BB4DA}
	EndGlobalSection
EndGlobal
